
Microsoft Visual Studio Solution File, Format Version 12.00
# Visual Studio Version 17
VisualStudioVersion = 17.10.35013.160
MinimumVisualStudioVersion = 10.0.40219.1
Project("{FAE04EC0-301F-11D3-BF4B-00C04F79EFBC}") = "Egysegteszt_AdamszkiTamas", "Egysegteszt_AdamszkiTamas\Egysegteszt_AdamszkiTamas.csproj", "{8164080F-EA7F-4AA5-ADE8-242AA1FE5C6A}"
EndProject
Project("{FAE04EC0-301F-11D3-BF4B-00C04F79EFBC}") = "Egysegteszt_AdamszkiTamas_Tests", "Egysegteszt_AdamszkiTamas_Tests\Egysegteszt_AdamszkiTamas_Tests.csproj", "{A31EE76F-4D54-40DB-BE42-77B698CAD0D5}"
EndProject
Global
	GlobalSection(SolutionConfigurationPlatforms) = preSolution
		Debug|Any CPU = Debug|Any CPU
		Release|Any CPU = Release|Any CPU
	EndGlobalSection
	GlobalSection(ProjectConfigurationPlatforms) = postSolution
		{8164080F-EA7F-4AA5-ADE8-242AA1FE5C6A}.Debug|Any CPU.ActiveCfg = Debug|Any CPU
		{8164080F-EA7F-4AA5-ADE8-242AA1FE5C6A}.Debug|Any CPU.Build.0 = Debug|Any CPU
		{8164080F-EA7F-4AA5-ADE8-242AA1FE5C6A}.Release|Any CPU.ActiveCfg = Release|Any CPU
		{8164080F-EA7F-4AA5-ADE8-242AA1FE5C6A}.Release|Any CPU.Build.0 = Release|Any CPU
		{A31EE76F-4D54-40DB-BE42-77B698CAD0D5}.Debug|Any CPU.ActiveCfg = Debug|Any CPU
		{A31EE76F-4D54-40DB-BE42-77B698CAD0D5}.Debug|Any CPU.Build.0 = Debug|Any CPU
		{A31EE76F-4D54-40DB-BE42-77B698CAD0D5}.Release|Any CPU.ActiveCfg = Release|Any CPU
		{A31EE76F-4D54-40DB-BE42-77B698CAD0D5}.Release|Any CPU.Build.0 = Release|Any CPU
	EndGlobalSection
	GlobalSection(SolutionProperties) = preSolution
		HideSolutionNode = FALSE
	EndGlobalSection
	GlobalSection(ExtensibilityGlobals) = postSolution
		SolutionGuid = {6F8EA193-81CE-473C-9138-B76DE45FA384}
	EndGlobalSection
EndGlobal
